
Microsoft Visual Studio Solution File, Format Version 12.00
# Visual Studio 15
VisualStudioVersion = 15.0.28307.572
MinimumVisualStudioVersion = 10.0.40219.1
Project("{FAE04EC0-301F-11D3-BF4B-00C04F79EFBC}") = "AppWindows", "AppWindows\AppWindows.csproj", "{F8E0A78F-A3AA-4200-9248-326C4A622D8A}"
EndProject
Global
	GlobalSection(SolutionConfigurationPlatforms) = preSolution
		Debug|Any CPU = Debug|Any CPU
		Release|Any CPU = Release|Any CPU
	EndGlobalSection
	GlobalSection(ProjectConfigurationPlatforms) = postSolution
		{F8E0A78F-A3AA-4200-9248-326C4A622D8A}.Debug|Any CPU.ActiveCfg = Debug|Any CPU
		{F8E0A78F-A3AA-4200-9248-326C4A622D8A}.Debug|Any CPU.Build.0 = Debug|Any CPU
		{F8E0A78F-A3AA-4200-9248-326C4A622D8A}.Release|Any CPU.ActiveCfg = Release|Any CPU
		{F8E0A78F-A3AA-4200-9248-326C4A622D8A}.Release|Any CPU.Build.0 = Release|Any CPU
	EndGlobalSection
	GlobalSection(SolutionProperties) = preSolution
		HideSolutionNode = FALSE
	EndGlobalSection
	GlobalSection(ExtensibilityGlobals) = postSolution
		SolutionGuid = {3BC3F3F4-2DF6-4ECA-82DD-6DB0C3DF30FC}
	EndGlobalSection
EndGlobal
